
Microsoft Visual Studio Solution File, Format Version 12.00
# Visual Studio Version 16
VisualStudioVersion = 16.0.29411.108
MinimumVisualStudioVersion = 10.0.40219.1
Project("{8BC9CEB8-8B4A-11D0-8D11-00A0C91BC942}") = "Game", "Game\Game.vcxproj", "{2AF9969B-F202-497B-AF30-7BEF9CE8005E}"
EndProject
Project("{8BC9CEB8-8B4A-11D0-8D11-00A0C91BC942}") = "SDL2", "Game\Source\External\SDL2-2.0.10\VisualC\SDL\SDL.vcxproj", "{81CE8DAF-EBB2-4761-8E45-B71ABCCA8C68}"
EndProject
Project("{8BC9CEB8-8B4A-11D0-8D11-00A0C91BC942}") = "SDL2main", "Game\Source\External\SDL2-2.0.10\VisualC\SDLmain\SDLmain.vcxproj", "{DA956FD3-E142-46F2-9DD5-C78BEBB56B7A}"
EndProject
Project("{8BC9CEB8-8B4A-11D0-8D11-00A0C91BC942}") = "SDL2_image", "Game\Source\External\SDL2_image-2.0.5\VisualC\SDL_image.vcxproj", "{2BD5534E-00E2-4BEA-AC96-D9A92EA24696}"
EndProject
Project("{8BC9CEB8-8B4A-11D0-8D11-00A0C91BC942}") = "SDL2_mixer", "Game\Source\External\SDL2_mixer-2.0.4\VisualC\SDL_mixer.vcxproj", "{F7E944B3-0815-40CD-B3E4-90B2A15B0E33}"
EndProject
Project("{8BC9CEB8-8B4A-11D0-8D11-00A0C91BC942}") = "SDL2_ttf", "Game\Source\External\SDL2_ttf-2.0.15\VisualC\SDL_ttf.vcxproj", "{DDDBD07D-DC76-4AF6-8D02-3E2DEB6EE255}"
EndProject
Project("{2150E333-8FDC-42A3-9474-1A3956D46DE8}") = "SDL", "SDL", "{5FBD1273-9A1D-40F6-923C-12C217537138}"
EndProject
Project("{2150E333-8FDC-42A3-9474-1A3956D46DE8}") = "External", "External", "{F439D94C-234B-4313-B795-8FA87B332EEE}"
EndProject
Project("{8BC9CEB8-8B4A-11D0-8D11-00A0C91BC942}") = "zlib", "Game\Source\External\SDL2_image-2.0.5\external\libpng-1.6.37\projects\visualc71\zlib.vcxproj", "{2D4F8105-7D21-454C-9932-B47CAB71A5C0}"
EndProject
Project("{8BC9CEB8-8B4A-11D0-8D11-00A0C91BC942}") = "libpng", "Game\Source\External\SDL2_image-2.0.5\external\libpng-1.6.37\projects\visualc71\libpng.vcxproj", "{0008960E-E0DD-41A6-8265-00B31DDB4C21}"
EndProject
Project("{8BC9CEB8-8B4A-11D0-8D11-00A0C91BC942}") = "freetype", "Game\Source\External\SDL2_ttf-2.0.15\external\freetype-2.9.1\builds\windows\vc2010\freetype.vcxproj", "{78B079BD-9FC7-4B9E-B4A6-96DA0F00248B}"
EndProject
Project("{8BC9CEB8-8B4A-11D0-8D11-00A0C91BC942}") = "libogg", "Game\Source\External\SDL2_mixer-2.0.4\external\libogg-1.3.2\win32\VS2010\libogg_dynamic.vcxproj", "{15CBFEFF-7965-41F5-B4E2-21E8795C9159}"
EndProject
Project("{8BC9CEB8-8B4A-11D0-8D11-00A0C91BC942}") = "libvorbis", "Game\Source\External\SDL2_mixer-2.0.4\external\libvorbis-1.3.5\win32\VS2010\libvorbis\libvorbis_dynamic.vcxproj", "{3A214E06-B95E-4D61-A291-1F8DF2EC10FD}"
EndProject
Project("{8BC9CEB8-8B4A-11D0-8D11-00A0C91BC942}") = "libvorbisfile", "Game\Source\External\SDL2_mixer-2.0.4\external\libvorbis-1.3.5\win32\VS2010\libvorbisfile\libvorbisfile_dynamic.vcxproj", "{CEBDE98B-A6AA-46E6-BC79-FAAF823DB9EC}"
EndProject
Global
	GlobalSection(SolutionConfigurationPlatforms) = preSolution
		Debug Static|Win32 = Debug Static|Win32
		Debug Static|x64 = Debug Static|x64
		Debug|Win32 = Debug|Win32
		Debug|x64 = Debug|x64
		DLL Debug|Win32 = DLL Debug|Win32
		DLL Debug|x64 = DLL Debug|x64
		DLL Release|Win32 = DLL Release|Win32
		DLL Release|x64 = DLL Release|x64
		DLL VB|Win32 = DLL VB|Win32
		DLL VB|x64 = DLL VB|x64
		LIB Debug|Win32 = LIB Debug|Win32
		LIB Debug|x64 = LIB Debug|x64
		LIB Release|Win32 = LIB Release|Win32
		LIB Release|x64 = LIB Release|x64
		Release Static|Win32 = Release Static|Win32
		Release Static|x64 = Release Static|x64
		Release|Win32 = Release|Win32
		Release|x64 = Release|x64
	EndGlobalSection
	GlobalSection(ProjectConfigurationPlatforms) = postSolution
		{2AF9969B-F202-497B-AF30-7BEF9CE8005E}.Debug Static|Win32.ActiveCfg = Debug|Win32
		{2AF9969B-F202-497B-AF30-7BEF9CE8005E}.Debug Static|Win32.Build.0 = Debug|Win32
		{2AF9969B-F202-497B-AF30-7BEF9CE8005E}.Debug Static|x64.ActiveCfg = Release|Win32
		{2AF9969B-F202-497B-AF30-7BEF9CE8005E}.Debug Static|x64.Build.0 = Release|Win32
		{2AF9969B-F202-497B-AF30-7BEF9CE8005E}.Debug|Win32.ActiveCfg = Debug|Win32
		{2AF9969B-F202-497B-AF30-7BEF9CE8005E}.Debug|Win32.Build.0 = Debug|Win32
		{2AF9969B-F202-497B-AF30-7BEF9CE8005E}.Debug|x64.ActiveCfg = Debug|Win32
		{2AF9969B-F202-497B-AF30-7BEF9CE8005E}.DLL Debug|Win32.ActiveCfg = Debug|Win32
		{2AF9969B-F202-497B-AF30-7BEF9CE8005E}.DLL Debug|Win32.Build.0 = Debug|Win32
		{2AF9969B-F202-497B-AF30-7BEF9CE8005E}.DLL Debug|x64.ActiveCfg = Release|Win32
		{2AF9969B-F202-497B-AF30-7BEF9CE8005E}.DLL Debug|x64.Build.0 = Release|Win32
		{2AF9969B-F202-497B-AF30-7BEF9CE8005E}.DLL Release|Win32.ActiveCfg = Release|Win32
		{2AF9969B-F202-497B-AF30-7BEF9CE8005E}.DLL Release|Win32.Build.0 = Release|Win32
		{2AF9969B-F202-497B-AF30-7BEF9CE8005E}.DLL Release|x64.ActiveCfg = Release|Win32
		{2AF9969B-F202-497B-AF30-7BEF9CE8005E}.DLL Release|x64.Build.0 = Release|Win32
		{2AF9969B-F202-497B-AF30-7BEF9CE8005E}.DLL VB|Win32.ActiveCfg = Debug|Win32
		{2AF9969B-F202-497B-AF30-7BEF9CE8005E}.DLL VB|Win32.Build.0 = Debug|Win32
		{2AF9969B-F202-497B-AF30-7BEF9CE8005E}.DLL VB|x64.ActiveCfg = Release|Win32
		{2AF9969B-F202-497B-AF30-7BEF9CE8005E}.DLL VB|x64.Build.0 = Release|Win32
		{2AF9969B-F202-497B-AF30-7BEF9CE8005E}.LIB Debug|Win32.ActiveCfg = Debug|Win32
		{2AF9969B-F202-497B-AF30-7BEF9CE8005E}.LIB Debug|Win32.Build.0 = Debug|Win32
		{2AF9969B-F202-497B-AF30-7BEF9CE8005E}.LIB Debug|x64.ActiveCfg = Release|Win32
		{2AF9969B-F202-497B-AF30-7BEF9CE8005E}.LIB Debug|x64.Build.0 = Release|Win32
		{2AF9969B-F202-497B-AF30-7BEF9CE8005E}.LIB Release|Win32.ActiveCfg = Release|Win32
		{2AF9969B-F202-497B-AF30-7BEF9CE8005E}.LIB Release|Win32.Build.0 = Release|Win32
		{2AF9969B-F202-497B-AF30-7BEF9CE8005E}.LIB Release|x64.ActiveCfg = Release|Win32
		{2AF9969B-F202-497B-AF30-7BEF9CE8005E}.LIB Release|x64.Build.0 = Release|Win32
		{2AF9969B-F202-497B-AF30-7BEF9CE8005E}.Release Static|Win32.ActiveCfg = Release|Win32
		{2AF9969B-F202-497B-AF30-7BEF9CE8005E}.Release Static|Win32.Build.0 = Release|Win32
		{2AF9969B-F202-497B-AF30-7BEF9CE8005E}.Release Static|x64.ActiveCfg = Release|Win32
		{2AF9969B-F202-497B-AF30-7BEF9CE8005E}.Release Static|x64.Build.0 = Release|Win32
		{2AF9969B-F202-497B-AF30-7BEF9CE8005E}.Release|Win32.ActiveCfg = Release|Win32
		{2AF9969B-F202-497B-AF30-7BEF9CE8005E}.Release|Win32.Build.0 = Release|Win32
		{2AF9969B-F202-497B-AF30-7BEF9CE8005E}.Release|x64.ActiveCfg = Release|Win32
		{81CE8DAF-EBB2-4761-8E45-B71ABCCA8C68}.Debug Static|Win32.ActiveCfg = Debug|Win32
		{81CE8DAF-EBB2-4761-8E45-B71ABCCA8C68}.Debug Static|Win32.Build.0 = Debug|Win32
		{81CE8DAF-EBB2-4761-8E45-B71ABCCA8C68}.Debug Static|x64.ActiveCfg = Debug|x64
		{81CE8DAF-EBB2-4761-8E45-B71ABCCA8C68}.Debug Static|x64.Build.0 = Debug|x64
		{81CE8DAF-EBB2-4761-8E45-B71ABCCA8C68}.Debug|Win32.ActiveCfg = Debug|Win32
		{81CE8DAF-EBB2-4761-8E45-B71ABCCA8C68}.Debug|Win32.Build.0 = Debug|Win32
		{81CE8DAF-EBB2-4761-8E45-B71ABCCA8C68}.Debug|x64.ActiveCfg = Debug|x64
		{81CE8DAF-EBB2-4761-8E45-B71ABCCA8C68}.Debug|x64.Build.0 = Debug|x64
		{81CE8DAF-EBB2-4761-8E45-B71ABCCA8C68}.DLL Debug|Win32.ActiveCfg = Debug|Win32
		{81CE8DAF-EBB2-4761-8E45-B71ABCCA8C68}.DLL Debug|Win32.Build.0 = Debug|Win32
		{81CE8DAF-EBB2-4761-8E45-B71ABCCA8C68}.DLL Debug|x64.ActiveCfg = Debug|x64
		{81CE8DAF-EBB2-4761-8E45-B71ABCCA8C68}.DLL Debug|x64.Build.0 = Debug|x64
		{81CE8DAF-EBB2-4761-8E45-B71ABCCA8C68}.DLL Release|Win32.ActiveCfg = Release|Win32
		{81CE8DAF-EBB2-4761-8E45-B71ABCCA8C68}.DLL Release|Win32.Build.0 = Release|Win32
		{81CE8DAF-EBB2-4761-8E45-B71ABCCA8C68}.DLL Release|x64.ActiveCfg = Release|x64
		{81CE8DAF-EBB2-4761-8E45-B71ABCCA8C68}.DLL Release|x64.Build.0 = Release|x64
		{81CE8DAF-EBB2-4761-8E45-B71ABCCA8C68}.DLL VB|Win32.ActiveCfg = Debug|Win32
		{81CE8DAF-EBB2-4761-8E45-B71ABCCA8C68}.DLL VB|Win32.Build.0 = Debug|Win32
		{81CE8DAF-EBB2-4761-8E45-B71ABCCA8C68}.DLL VB|x64.ActiveCfg = Debug|x64
		{81CE8DAF-EBB2-4761-8E45-B71ABCCA8C68}.DLL VB|x64.Build.0 = Debug|x64
		{81CE8DAF-EBB2-4761-8E45-B71ABCCA8C68}.LIB Debug|Win32.ActiveCfg = Debug|Win32
		{81CE8DAF-EBB2-4761-8E45-B71ABCCA8C68}.LIB Debug|Win32.Build.0 = Debug|Win32
		{81CE8DAF-EBB2-4761-8E45-B71ABCCA8C68}.LIB Debug|x64.ActiveCfg = Debug|x64
		{81CE8DAF-EBB2-4761-8E45-B71ABCCA8C68}.LIB Debug|x64.Build.0 = Debug|x64
		{81CE8DAF-EBB2-4761-8E45-B71ABCCA8C68}.LIB Release|Win32.ActiveCfg = Release|Win32
		{81CE8DAF-EBB2-4761-8E45-B71ABCCA8C68}.LIB Release|Win32.Build.0 = Release|Win32
		{81CE8DAF-EBB2-4761-8E45-B71ABCCA8C68}.LIB Release|x64.ActiveCfg = Release|x64
		{81CE8DAF-EBB2-4761-8E45-B71ABCCA8C68}.LIB Release|x64.Build.0 = Release|x64
		{81CE8DAF-EBB2-4761-8E45-B71ABCCA8C68}.Release Static|Win32.ActiveCfg = Release|Win32
		{81CE8DAF-EBB2-4761-8E45-B71ABCCA8C68}.Release Static|Win32.Build.0 = Release|Win32
		{81CE8DAF-EBB2-4761-8E45-B71ABCCA8C68}.Release Static|x64.ActiveCfg = Release|x64
		{81CE8DAF-EBB2-4761-8E45-B71ABCCA8C68}.Release Static|x64.Build.0 = Release|x64
		{81CE8DAF-EBB2-4761-8E45-B71ABCCA8C68}.Release|Win32.ActiveCfg = Release|Win32
		{81CE8DAF-EBB2-4761-8E45-B71ABCCA8C68}.Release|Win32.Build.0 = Release|Win32
		{81CE8DAF-EBB2-4761-8E45-B71ABCCA8C68}.Release|x64.ActiveCfg = Release|x64
		{81CE8DAF-EBB2-4761-8E45-B71ABCCA8C68}.Release|x64.Build.0 = Release|x64
		{DA956FD3-E142-46F2-9DD5-C78BEBB56B7A}.Debug Static|Win32.ActiveCfg = Debug|Win32
		{DA956FD3-E142-46F2-9DD5-C78BEBB56B7A}.Debug Static|Win32.Build.0 = Debug|Win32
		{DA956FD3-E142-46F2-9DD5-C78BEBB56B7A}.Debug Static|x64.ActiveCfg = Debug|x64
		{DA956FD3-E142-46F2-9DD5-C78BEBB56B7A}.Debug Static|x64.Build.0 = Debug|x64
		{DA956FD3-E142-46F2-9DD5-C78BEBB56B7A}.Debug|Win32.ActiveCfg = Debug|Win32
		{DA956FD3-E142-46F2-9DD5-C78BEBB56B7A}.Debug|Win32.Build.0 = Debug|Win32
		{DA956FD3-E142-46F2-9DD5-C78BEBB56B7A}.Debug|x64.ActiveCfg = Debug|x64
		{DA956FD3-E142-46F2-9DD5-C78BEBB56B7A}.Debug|x64.Build.0 = Debug|x64
		{DA956FD3-E142-46F2-9DD5-C78BEBB56B7A}.DLL Debug|Win32.ActiveCfg = Debug|Win32
		{DA956FD3-E142-46F2-9DD5-C78BEBB56B7A}.DLL Debug|Win32.Build.0 = Debug|Win32
		{DA956FD3-E142-46F2-9DD5-C78BEBB56B7A}.DLL Debug|x64.ActiveCfg = Debug|x64
		{DA956FD3-E142-46F2-9DD5-C78BEBB56B7A}.DLL Debug|x64.Build.0 = Debug|x64
		{DA956FD3-E142-46F2-9DD5-C78BEBB56B7A}.DLL Release|Win32.ActiveCfg = Release|Win32
		{DA956FD3-E142-46F2-9DD5-C78BEBB56B7A}.DLL Release|Win32.Build.0 = Release|Win32
		{DA956FD3-E142-46F2-9DD5-C78BEBB56B7A}.DLL Release|x64.ActiveCfg = Release|x64
		{DA956FD3-E142-46F2-9DD5-C78BEBB56B7A}.DLL Release|x64.Build.0 = Release|x64
		{DA956FD3-E142-46F2-9DD5-C78BEBB56B7A}.DLL VB|Win32.ActiveCfg = Debug|Win32
		{DA956FD3-E142-46F2-9DD5-C78BEBB56B7A}.DLL VB|Win32.Build.0 = Debug|Win32
		{DA956FD3-E142-46F2-9DD5-C78BEBB56B7A}.DLL VB|x64.ActiveCfg = Debug|x64
		{DA956FD3-E142-46F2-9DD5-C78BEBB56B7A}.DLL VB|x64.Build.0 = Debug|x64
		{DA956FD3-E142-46F2-9DD5-C78BEBB56B7A}.LIB Debug|Win32.ActiveCfg = Debug|Win32
		{DA956FD3-E142-46F2-9DD5-C78BEBB56B7A}.LIB Debug|Win32.Build.0 = Debug|Win32
		{DA956FD3-E142-46F2-9DD5-C78BEBB56B7A}.LIB Debug|x64.ActiveCfg = Debug|x64
		{DA956FD3-E142-46F2-9DD5-C78BEBB56B7A}.LIB Debug|x64.Build.0 = Debug|x64
		{DA956FD3-E142-46F2-9DD5-C78BEBB56B7A}.LIB Release|Win32.ActiveCfg = Release|Win32
		{DA956FD3-E142-46F2-9DD5-C78BEBB56B7A}.LIB Release|Win32.Build.0 = Release|Win32
		{DA956FD3-E142-46F2-9DD5-C78BEBB56B7A}.LIB Release|x64.ActiveCfg = Release|x64
		{DA956FD3-E142-46F2-9DD5-C78BEBB56B7A}.LIB Release|x64.Build.0 = Release|x64
		{DA956FD3-E142-46F2-9DD5-C78BEBB56B7A}.Release Static|Win32.ActiveCfg = Release|Win32
		{DA956FD3-E142-46F2-9DD5-C78BEBB56B7A}.Release Static|Win32.Build.0 = Release|Win32
		{DA956FD3-E142-46F2-9DD5-C78BEBB56B7A}.Release Static|x64.ActiveCfg = Release|x64
		{DA956FD3-E142-46F2-9DD5-C78BEBB56B7A}.Release Static|x64.Build.0 = Release|x64
		{DA956FD3-E142-46F2-9DD5-C78BEBB56B7A}.Release|Win32.ActiveCfg = Release|Win32
		{DA956FD3-E142-46F2-9DD5-C78BEBB56B7A}.Release|Win32.Build.0 = Release|Win32
		{DA956FD3-E142-46F2-9DD5-C78BEBB56B7A}.Release|x64.ActiveCfg = Release|x64
		{DA956FD3-E142-46F2-9DD5-C78BEBB56B7A}.Release|x64.Build.0 = Release|x64
		{2BD5534E-00E2-4BEA-AC96-D9A92EA24696}.Debug Static|Win32.ActiveCfg = Debug|Win32
		{2BD5534E-00E2-4BEA-AC96-D9A92EA24696}.Debug Static|Win32.Build.0 = Debug|Win32
		{2BD5534E-00E2-4BEA-AC96-D9A92EA24696}.Debug Static|x64.ActiveCfg = Debug|x64
		{2BD5534E-00E2-4BEA-AC96-D9A92EA24696}.Debug Static|x64.Build.0 = Debug|x64
		{2BD5534E-00E2-4BEA-AC96-D9A92EA24696}.Debug|Win32.ActiveCfg = Debug|Win32
		{2BD5534E-00E2-4BEA-AC96-D9A92EA24696}.Debug|Win32.Build.0 = Debug|Win32
		{2BD5534E-00E2-4BEA-AC96-D9A92EA24696}.Debug|x64.ActiveCfg = Debug|x64
		{2BD5534E-00E2-4BEA-AC96-D9A92EA24696}.Debug|x64.Build.0 = Debug|x64
		{2BD5534E-00E2-4BEA-AC96-D9A92EA24696}.DLL Debug|Win32.ActiveCfg = Debug|Win32
		{2BD5534E-00E2-4BEA-AC96-D9A92EA24696}.DLL Debug|Win32.Build.0 = Debug|Win32
		{2BD5534E-00E2-4BEA-AC96-D9A92EA24696}.DLL Debug|x64.ActiveCfg = Debug|x64
		{2BD5534E-00E2-4BEA-AC96-D9A92EA24696}.DLL Debug|x64.Build.0 = Debug|x64
		{2BD5534E-00E2-4BEA-AC96-D9A92EA24696}.DLL Release|Win32.ActiveCfg = Release|Win32
		{2BD5534E-00E2-4BEA-AC96-D9A92EA24696}.DLL Release|Win32.Build.0 = Release|Win32
		{2BD5534E-00E2-4BEA-AC96-D9A92EA24696}.DLL Release|x64.ActiveCfg = Release|x64
		{2BD5534E-00E2-4BEA-AC96-D9A92EA24696}.DLL Release|x64.Build.0 = Release|x64
		{2BD5534E-00E2-4BEA-AC96-D9A92EA24696}.DLL VB|Win32.ActiveCfg = Debug|Win32
		{2BD5534E-00E2-4BEA-AC96-D9A92EA24696}.DLL VB|Win32.Build.0 = Debug|Win32
		{2BD5534E-00E2-4BEA-AC96-D9A92EA24696}.DLL VB|x64.ActiveCfg = Debug|x64
		{2BD5534E-00E2-4BEA-AC96-D9A92EA24696}.DLL VB|x64.Build.0 = Debug|x64
		{2BD5534E-00E2-4BEA-AC96-D9A92EA24696}.LIB Debug|Win32.ActiveCfg = Debug|Win32
		{2BD5534E-00E2-4BEA-AC96-D9A92EA24696}.LIB Debug|Win32.Build.0 = Debug|Win32
		{2BD5534E-00E2-4BEA-AC96-D9A92EA24696}.LIB Debug|x64.ActiveCfg = Debug|x64
		{2BD5534E-00E2-4BEA-AC96-D9A92EA24696}.LIB Debug|x64.Build.0 = Debug|x64
		{2BD5534E-00E2-4BEA-AC96-D9A92EA24696}.LIB Release|Win32.ActiveCfg = Release|Win32
		{2BD5534E-00E2-4BEA-AC96-D9A92EA24696}.LIB Release|Win32.Build.0 = Release|Win32
		{2BD5534E-00E2-4BEA-AC96-D9A92EA24696}.LIB Release|x64.ActiveCfg = Release|x64
		{2BD5534E-00E2-4BEA-AC96-D9A92EA24696}.LIB Release|x64.Build.0 = Release|x64
		{2BD5534E-00E2-4BEA-AC96-D9A92EA24696}.Release Static|Win32.ActiveCfg = Release|Win32
		{2BD5534E-00E2-4BEA-AC96-D9A92EA24696}.Release Static|Win32.Build.0 = Release|Win32
		{2BD5534E-00E2-4BEA-AC96-D9A92EA24696}.Release Static|x64.ActiveCfg = Release|x64
		{2BD5534E-00E2-4BEA-AC96-D9A92EA24696}.Release Static|x64.Build.0 = Release|x64
		{2BD5534E-00E2-4BEA-AC96-D9A92EA24696}.Release|Win32.ActiveCfg = Release|Win32
		{2BD5534E-00E2-4BEA-AC96-D9A92EA24696}.Release|Win32.Build.0 = Release|Win32
		{2BD5534E-00E2-4BEA-AC96-D9A92EA24696}.Release|x64.ActiveCfg = Release|x64
		{2BD5534E-00E2-4BEA-AC96-D9A92EA24696}.Release|x64.Build.0 = Release|x64
		{F7E944B3-0815-40CD-B3E4-90B2A15B0E33}.Debug Static|Win32.ActiveCfg = Debug|Win32
		{F7E944B3-0815-40CD-B3E4-90B2A15B0E33}.Debug Static|Win32.Build.0 = Debug|Win32
		{F7E944B3-0815-40CD-B3E4-90B2A15B0E33}.Debug Static|x64.ActiveCfg = Debug|x64
		{F7E944B3-0815-40CD-B3E4-90B2A15B0E33}.Debug Static|x64.Build.0 = Debug|x64
		{F7E944B3-0815-40CD-B3E4-90B2A15B0E33}.Debug|Win32.ActiveCfg = Debug|Win32
		{F7E944B3-0815-40CD-B3E4-90B2A15B0E33}.Debug|Win32.Build.0 = Debug|Win32
		{F7E944B3-0815-40CD-B3E4-90B2A15B0E33}.Debug|x64.ActiveCfg = Debug|x64
		{F7E944B3-0815-40CD-B3E4-90B2A15B0E33}.Debug|x64.Build.0 = Debug|x64
		{F7E944B3-0815-40CD-B3E4-90B2A15B0E33}.DLL Debug|Win32.ActiveCfg = Debug|Win32
		{F7E944B3-0815-40CD-B3E4-90B2A15B0E33}.DLL Debug|Win32.Build.0 = Debug|Win32
		{F7E944B3-0815-40CD-B3E4-90B2A15B0E33}.DLL Debug|x64.ActiveCfg = Debug|x64
		{F7E944B3-0815-40CD-B3E4-90B2A15B0E33}.DLL Debug|x64.Build.0 = Debug|x64
		{F7E944B3-0815-40CD-B3E4-90B2A15B0E33}.DLL Release|Win32.ActiveCfg = Release|Win32
		{F7E944B3-0815-40CD-B3E4-90B2A15B0E33}.DLL Release|Win32.Build.0 = Release|Win32
		{F7E944B3-0815-40CD-B3E4-90B2A15B0E33}.DLL Release|x64.ActiveCfg = Release|x64
		{F7E944B3-0815-40CD-B3E4-90B2A15B0E33}.DLL Release|x64.Build.0 = Release|x64
		{F7E944B3-0815-40CD-B3E4-90B2A15B0E33}.DLL VB|Win32.ActiveCfg = Debug|Win32
		{F7E944B3-0815-40CD-B3E4-90B2A15B0E33}.DLL VB|Win32.Build.0 = Debug|Win32
		{F7E944B3-0815-40CD-B3E4-90B2A15B0E33}.DLL VB|x64.ActiveCfg = Debug|x64
		{F7E944B3-0815-40CD-B3E4-90B2A15B0E33}.DLL VB|x64.Build.0 = Debug|x64
		{F7E944B3-0815-40CD-B3E4-90B2A15B0E33}.LIB Debug|Win32.ActiveCfg = Debug|Win32
		{F7E944B3-0815-40CD-B3E4-90B2A15B0E33}.LIB Debug|Win32.Build.0 = Debug|Win32
		{F7E944B3-0815-40CD-B3E4-90B2A15B0E33}.LIB Debug|x64.ActiveCfg = Debug|x64
		{F7E944B3-0815-40CD-B3E4-90B2A15B0E33}.LIB Debug|x64.Build.0 = Debug|x64
		{F7E944B3-0815-40CD-B3E4-90B2A15B0E33}.LIB Release|Win32.ActiveCfg = Release|Win32
		{F7E944B3-0815-40CD-B3E4-90B2A15B0E33}.LIB Release|Win32.Build.0 = Release|Win32
		{F7E944B3-0815-40CD-B3E4-90B2A15B0E33}.LIB Release|x64.ActiveCfg = Release|x64
		{F7E944B3-0815-40CD-B3E4-90B2A15B0E33}.LIB Release|x64.Build.0 = Release|x64
		{F7E944B3-0815-40CD-B3E4-90B2A15B0E33}.Release Static|Win32.ActiveCfg = Release|Win32
		{F7E944B3-0815-40CD-B3E4-90B2A15B0E33}.Release Static|Win32.Build.0 = Release|Win32
		{F7E944B3-0815-40CD-B3E4-90B2A15B0E33}.Release Static|x64.ActiveCfg = Release|x64
		{F7E944B3-0815-40CD-B3E4-90B2A15B0E33}.Release Static|x64.Build.0 = Release|x64
		{F7E944B3-0815-40CD-B3E4-90B2A15B0E33}.Release|Win32.ActiveCfg = Release|Win32
		{F7E944B3-0815-40CD-B3E4-90B2A15B0E33}.Release|Win32.Build.0 = Release|Win32
		{F7E944B3-0815-40CD-B3E4-90B2A15B0E33}.Release|x64.ActiveCfg = Release|x64
		{F7E944B3-0815-40CD-B3E4-90B2A15B0E33}.Release|x64.Build.0 = Release|x64
		{DDDBD07D-DC76-4AF6-8D02-3E2DEB6EE255}.Debug Static|Win32.ActiveCfg = Debug|Win32
		{DDDBD07D-DC76-4AF6-8D02-3E2DEB6EE255}.Debug Static|Win32.Build.0 = Debug|Win32
		{DDDBD07D-DC76-4AF6-8D02-3E2DEB6EE255}.Debug Static|x64.ActiveCfg = Debug|x64
		{DDDBD07D-DC76-4AF6-8D02-3E2DEB6EE255}.Debug Static|x64.Build.0 = Debug|x64
		{DDDBD07D-DC76-4AF6-8D02-3E2DEB6EE255}.Debug|Win32.ActiveCfg = Debug|Win32
		{DDDBD07D-DC76-4AF6-8D02-3E2DEB6EE255}.Debug|Win32.Build.0 = Debug|Win32
		{DDDBD07D-DC76-4AF6-8D02-3E2DEB6EE255}.Debug|x64.ActiveCfg = Debug|x64
		{DDDBD07D-DC76-4AF6-8D02-3E2DEB6EE255}.Debug|x64.Build.0 = Debug|x64
		{DDDBD07D-DC76-4AF6-8D02-3E2DEB6EE255}.DLL Debug|Win32.ActiveCfg = Debug|Win32
		{DDDBD07D-DC76-4AF6-8D02-3E2DEB6EE255}.DLL Debug|Win32.Build.0 = Debug|Win32
		{DDDBD07D-DC76-4AF6-8D02-3E2DEB6EE255}.DLL Debug|x64.ActiveCfg = Debug|x64
		{DDDBD07D-DC76-4AF6-8D02-3E2DEB6EE255}.DLL Debug|x64.Build.0 = Debug|x64
		{DDDBD07D-DC76-4AF6-8D02-3E2DEB6EE255}.DLL Release|Win32.ActiveCfg = Release|Win32
		{DDDBD07D-DC76-4AF6-8D02-3E2DEB6EE255}.DLL Release|Win32.Build.0 = Release|Win32
		{DDDBD07D-DC76-4AF6-8D02-3E2DEB6EE255}.DLL Release|x64.ActiveCfg = Release|x64
		{DDDBD07D-DC76-4AF6-8D02-3E2DEB6EE255}.DLL Release|x64.Build.0 = Release|x64
		{DDDBD07D-DC76-4AF6-8D02-3E2DEB6EE255}.DLL VB|Win32.ActiveCfg = Debug|Win32
		{DDDBD07D-DC76-4AF6-8D02-3E2DEB6EE255}.DLL VB|Win32.Build.0 = Debug|Win32
		{DDDBD07D-DC76-4AF6-8D02-3E2DEB6EE255}.DLL VB|x64.ActiveCfg = Debug|x64
		{DDDBD07D-DC76-4AF6-8D02-3E2DEB6EE255}.DLL VB|x64.Build.0 = Debug|x64
		{DDDBD07D-DC76-4AF6-8D02-3E2DEB6EE255}.LIB Debug|Win32.ActiveCfg = Debug|Win32
		{DDDBD07D-DC76-4AF6-8D02-3E2DEB6EE255}.LIB Debug|Win32.Build.0 = Debug|Win32
		{DDDBD07D-DC76-4AF6-8D02-3E2DEB6EE255}.LIB Debug|x64.ActiveCfg = Debug|x64
		{DDDBD07D-DC76-4AF6-8D02-3E2DEB6EE255}.LIB Debug|x64.Build.0 = Debug|x64
		{DDDBD07D-DC76-4AF6-8D02-3E2DEB6EE255}.LIB Release|Win32.ActiveCfg = Release|Win32
		{DDDBD07D-DC76-4AF6-8D02-3E2DEB6EE255}.LIB Release|Win32.Build.0 = Release|Win32
		{DDDBD07D-DC76-4AF6-8D02-3E2DEB6EE255}.LIB Release|x64.ActiveCfg = Release|x64
		{DDDBD07D-DC76-4AF6-8D02-3E2DEB6EE255}.LIB Release|x64.Build.0 = Release|x64
		{DDDBD07D-DC76-4AF6-8D02-3E2DEB6EE255}.Release Static|Win32.ActiveCfg = Release|Win32
		{DDDBD07D-DC76-4AF6-8D02-3E2DEB6EE255}.Release Static|Win32.Build.0 = Release|Win32
		{DDDBD07D-DC76-4AF6-8D02-3E2DEB6EE255}.Release Static|x64.ActiveCfg = Release|x64
		{DDDBD07D-DC76-4AF6-8D02-3E2DEB6EE255}.Release Static|x64.Build.0 = Release|x64
		{DDDBD07D-DC76-4AF6-8D02-3E2DEB6EE255}.Release|Win32.ActiveCfg = Release|Win32
		{DDDBD07D-DC76-4AF6-8D02-3E2DEB6EE255}.Release|Win32.Build.0 = Release|Win32
		{DDDBD07D-DC76-4AF6-8D02-3E2DEB6EE255}.Release|x64.ActiveCfg = Release|x64
		{DDDBD07D-DC76-4AF6-8D02-3E2DEB6EE255}.Release|x64.Build.0 = Release|x64
		{2D4F8105-7D21-454C-9932-B47CAB71A5C0}.Debug Static|Win32.ActiveCfg = DLL Debug|Win32
		{2D4F8105-7D21-454C-9932-B47CAB71A5C0}.Debug Static|Win32.Build.0 = DLL Debug|Win32
		{2D4F8105-7D21-454C-9932-B47CAB71A5C0}.Debug Static|x64.ActiveCfg = LIB Release|Win32
		{2D4F8105-7D21-454C-9932-B47CAB71A5C0}.Debug Static|x64.Build.0 = LIB Release|Win32
		{2D4F8105-7D21-454C-9932-B47CAB71A5C0}.Debug|Win32.ActiveCfg = LIB Debug|Win32
		{2D4F8105-7D21-454C-9932-B47CAB71A5C0}.Debug|Win32.Build.0 = LIB Debug|Win32
		{2D4F8105-7D21-454C-9932-B47CAB71A5C0}.Debug|x64.ActiveCfg = LIB Release|Win32
		{2D4F8105-7D21-454C-9932-B47CAB71A5C0}.Debug|x64.Build.0 = LIB Release|Win32
		{2D4F8105-7D21-454C-9932-B47CAB71A5C0}.DLL Debug|Win32.ActiveCfg = DLL Debug|Win32
		{2D4F8105-7D21-454C-9932-B47CAB71A5C0}.DLL Debug|Win32.Build.0 = DLL Debug|Win32
		{2D4F8105-7D21-454C-9932-B47CAB71A5C0}.DLL Debug|x64.ActiveCfg = DLL Debug|Win32
		{2D4F8105-7D21-454C-9932-B47CAB71A5C0}.DLL Release|Win32.ActiveCfg = DLL Release|Win32
		{2D4F8105-7D21-454C-9932-B47CAB71A5C0}.DLL Release|Win32.Build.0 = DLL Release|Win32
		{2D4F8105-7D21-454C-9932-B47CAB71A5C0}.DLL Release|x64.ActiveCfg = DLL Release|Win32
		{2D4F8105-7D21-454C-9932-B47CAB71A5C0}.DLL VB|Win32.ActiveCfg = DLL Debug|Win32
		{2D4F8105-7D21-454C-9932-B47CAB71A5C0}.DLL VB|Win32.Build.0 = DLL Debug|Win32
		{2D4F8105-7D21-454C-9932-B47CAB71A5C0}.DLL VB|x64.ActiveCfg = LIB Release|Win32
		{2D4F8105-7D21-454C-9932-B47CAB71A5C0}.DLL VB|x64.Build.0 = LIB Release|Win32
		{2D4F8105-7D21-454C-9932-B47CAB71A5C0}.LIB Debug|Win32.ActiveCfg = LIB Debug|Win32
		{2D4F8105-7D21-454C-9932-B47CAB71A5C0}.LIB Debug|Win32.Build.0 = LIB Debug|Win32
		{2D4F8105-7D21-454C-9932-B47CAB71A5C0}.LIB Debug|x64.ActiveCfg = LIB Debug|Win32
		{2D4F8105-7D21-454C-9932-B47CAB71A5C0}.LIB Release|Win32.ActiveCfg = LIB Release|Win32
		{2D4F8105-7D21-454C-9932-B47CAB71A5C0}.LIB Release|Win32.Build.0 = LIB Release|Win32
		{2D4F8105-7D21-454C-9932-B47CAB71A5C0}.LIB Release|x64.ActiveCfg = LIB Release|Win32
		{2D4F8105-7D21-454C-9932-B47CAB71A5C0}.Release Static|Win32.ActiveCfg = LIB Release|Win32
		{2D4F8105-7D21-454C-9932-B47CAB71A5C0}.Release Static|Win32.Build.0 = LIB Release|Win32
		{2D4F8105-7D21-454C-9932-B47CAB71A5C0}.Release Static|x64.ActiveCfg = LIB Release|Win32
		{2D4F8105-7D21-454C-9932-B47CAB71A5C0}.Release Static|x64.Build.0 = LIB Release|Win32
		{2D4F8105-7D21-454C-9932-B47CAB71A5C0}.Release|Win32.ActiveCfg = LIB Release|Win32
		{2D4F8105-7D21-454C-9932-B47CAB71A5C0}.Release|Win32.Build.0 = LIB Release|Win32
		{2D4F8105-7D21-454C-9932-B47CAB71A5C0}.Release|x64.ActiveCfg = LIB Release|Win32
		{2D4F8105-7D21-454C-9932-B47CAB71A5C0}.Release|x64.Build.0 = LIB Release|Win32
		{0008960E-E0DD-41A6-8265-00B31DDB4C21}.Debug Static|Win32.ActiveCfg = DLL Debug|Win32
		{0008960E-E0DD-41A6-8265-00B31DDB4C21}.Debug Static|Win32.Build.0 = DLL Debug|Win32
		{0008960E-E0DD-41A6-8265-00B31DDB4C21}.Debug Static|x64.ActiveCfg = LIB Release|Win32
		{0008960E-E0DD-41A6-8265-00B31DDB4C21}.Debug Static|x64.Build.0 = LIB Release|Win32
		{0008960E-E0DD-41A6-8265-00B31DDB4C21}.Debug|Win32.ActiveCfg = LIB Debug|Win32
		{0008960E-E0DD-41A6-8265-00B31DDB4C21}.Debug|Win32.Build.0 = LIB Debug|Win32
		{0008960E-E0DD-41A6-8265-00B31DDB4C21}.Debug|x64.ActiveCfg = LIB Release|Win32
		{0008960E-E0DD-41A6-8265-00B31DDB4C21}.Debug|x64.Build.0 = LIB Release|Win32
		{0008960E-E0DD-41A6-8265-00B31DDB4C21}.DLL Debug|Win32.ActiveCfg = DLL Debug|Win32
		{0008960E-E0DD-41A6-8265-00B31DDB4C21}.DLL Debug|Win32.Build.0 = DLL Debug|Win32
		{0008960E-E0DD-41A6-8265-00B31DDB4C21}.DLL Debug|x64.ActiveCfg = DLL Debug|Win32
		{0008960E-E0DD-41A6-8265-00B31DDB4C21}.DLL Release|Win32.ActiveCfg = DLL Release|Win32
		{0008960E-E0DD-41A6-8265-00B31DDB4C21}.DLL Release|Win32.Build.0 = DLL Release|Win32
		{0008960E-E0DD-41A6-8265-00B31DDB4C21}.DLL Release|x64.ActiveCfg = DLL Release|Win32
		{0008960E-E0DD-41A6-8265-00B31DDB4C21}.DLL VB|Win32.ActiveCfg = DLL VB|Win32
		{0008960E-E0DD-41A6-8265-00B31DDB4C21}.DLL VB|Win32.Build.0 = DLL VB|Win32
		{0008960E-E0DD-41A6-8265-00B31DDB4C21}.DLL VB|x64.ActiveCfg = DLL VB|Win32
		{0008960E-E0DD-41A6-8265-00B31DDB4C21}.LIB Debug|Win32.ActiveCfg = LIB Debug|Win32
		{0008960E-E0DD-41A6-8265-00B31DDB4C21}.LIB Debug|Win32.Build.0 = LIB Debug|Win32
		{0008960E-E0DD-41A6-8265-00B31DDB4C21}.LIB Debug|x64.ActiveCfg = LIB Debug|Win32
		{0008960E-E0DD-41A6-8265-00B31DDB4C21}.LIB Release|Win32.ActiveCfg = LIB Release|Win32
		{0008960E-E0DD-41A6-8265-00B31DDB4C21}.LIB Release|Win32.Build.0 = LIB Release|Win32
		{0008960E-E0DD-41A6-8265-00B31DDB4C21}.LIB Release|x64.ActiveCfg = LIB Release|Win32
		{0008960E-E0DD-41A6-8265-00B31DDB4C21}.Release Static|Win32.ActiveCfg = LIB Release|Win32
		{0008960E-E0DD-41A6-8265-00B31DDB4C21}.Release Static|Win32.Build.0 = LIB Release|Win32
		{0008960E-E0DD-41A6-8265-00B31DDB4C21}.Release Static|x64.ActiveCfg = LIB Release|Win32
		{0008960E-E0DD-41A6-8265-00B31DDB4C21}.Release Static|x64.Build.0 = LIB Release|Win32
		{0008960E-E0DD-41A6-8265-00B31DDB4C21}.Release|Win32.ActiveCfg = LIB Release|Win32
		{0008960E-E0DD-41A6-8265-00B31DDB4C21}.Release|Win32.Build.0 = LIB Release|Win32
		{0008960E-E0DD-41A6-8265-00B31DDB4C21}.Release|x64.ActiveCfg = LIB Release|Win32
		{0008960E-E0DD-41A6-8265-00B31DDB4C21}.Release|x64.Build.0 = LIB Release|Win32
		{78B079BD-9FC7-4B9E-B4A6-96DA0F00248B}.Debug Static|Win32.ActiveCfg = Debug Static|Win32
		{78B079BD-9FC7-4B9E-B4A6-96DA0F00248B}.Debug Static|Win32.Build.0 = Debug Static|Win32
		{78B079BD-9FC7-4B9E-B4A6-96DA0F00248B}.Debug Static|x64.ActiveCfg = Debug Static|x64
		{78B079BD-9FC7-4B9E-B4A6-96DA0F00248B}.Debug Static|x64.Build.0 = Debug Static|x64
		{78B079BD-9FC7-4B9E-B4A6-96DA0F00248B}.Debug|Win32.ActiveCfg = Debug|Win32
		{78B079BD-9FC7-4B9E-B4A6-96DA0F00248B}.Debug|Win32.Build.0 = Debug|Win32
		{78B079BD-9FC7-4B9E-B4A6-96DA0F00248B}.Debug|x64.ActiveCfg = Debug|x64
		{78B079BD-9FC7-4B9E-B4A6-96DA0F00248B}.Debug|x64.Build.0 = Debug|x64
		{78B079BD-9FC7-4B9E-B4A6-96DA0F00248B}.DLL Debug|Win32.ActiveCfg = Debug|Win32
		{78B079BD-9FC7-4B9E-B4A6-96DA0F00248B}.DLL Debug|Win32.Build.0 = Debug|Win32
		{78B079BD-9FC7-4B9E-B4A6-96DA0F00248B}.DLL Debug|x64.ActiveCfg = Debug|x64
		{78B079BD-9FC7-4B9E-B4A6-96DA0F00248B}.DLL Debug|x64.Build.0 = Debug|x64
		{78B079BD-9FC7-4B9E-B4A6-96DA0F00248B}.DLL Release|Win32.ActiveCfg = Release|Win32
		{78B079BD-9FC7-4B9E-B4A6-96DA0F00248B}.DLL Release|Win32.Build.0 = Release|Win32
		{78B079BD-9FC7-4B9E-B4A6-96DA0F00248B}.DLL Release|x64.ActiveCfg = Release|x64
		{78B079BD-9FC7-4B9E-B4A6-96DA0F00248B}.DLL Release|x64.Build.0 = Release|x64
		{78B079BD-9FC7-4B9E-B4A6-96DA0F00248B}.DLL VB|Win32.ActiveCfg = Debug Static|Win32
		{78B079BD-9FC7-4B9E-B4A6-96DA0F00248B}.DLL VB|Win32.Build.0 = Debug Static|Win32
		{78B079BD-9FC7-4B9E-B4A6-96DA0F00248B}.DLL VB|x64.ActiveCfg = Debug Static|x64
		{78B079BD-9FC7-4B9E-B4A6-96DA0F00248B}.DLL VB|x64.Build.0 = Debug Static|x64
		{78B079BD-9FC7-4B9E-B4A6-96DA0F00248B}.LIB Debug|Win32.ActiveCfg = Debug|Win32
		{78B079BD-9FC7-4B9E-B4A6-96DA0F00248B}.LIB Debug|Win32.Build.0 = Debug|Win32
		{78B079BD-9FC7-4B9E-B4A6-96DA0F00248B}.LIB Debug|x64.ActiveCfg = Debug|x64
		{78B079BD-9FC7-4B9E-B4A6-96DA0F00248B}.LIB Debug|x64.Build.0 = Debug|x64
		{78B079BD-9FC7-4B9E-B4A6-96DA0F00248B}.LIB Release|Win32.ActiveCfg = Release|Win32
		{78B079BD-9FC7-4B9E-B4A6-96DA0F00248B}.LIB Release|Win32.Build.0 = Release|Win32
		{78B079BD-9FC7-4B9E-B4A6-96DA0F00248B}.LIB Release|x64.ActiveCfg = Release|x64
		{78B079BD-9FC7-4B9E-B4A6-96DA0F00248B}.LIB Release|x64.Build.0 = Release|x64
		{78B079BD-9FC7-4B9E-B4A6-96DA0F00248B}.Release Static|Win32.ActiveCfg = Release Static|Win32
		{78B079BD-9FC7-4B9E-B4A6-96DA0F00248B}.Release Static|Win32.Build.0 = Release Static|Win32
		{78B079BD-9FC7-4B9E-B4A6-96DA0F00248B}.Release Static|x64.ActiveCfg = Release Static|x64
		{78B079BD-9FC7-4B9E-B4A6-96DA0F00248B}.Release Static|x64.Build.0 = Release Static|x64
		{78B079BD-9FC7-4B9E-B4A6-96DA0F00248B}.Release|Win32.ActiveCfg = Release|Win32
		{78B079BD-9FC7-4B9E-B4A6-96DA0F00248B}.Release|Win32.Build.0 = Release|Win32
		{78B079BD-9FC7-4B9E-B4A6-96DA0F00248B}.Release|x64.ActiveCfg = Release|x64
		{78B079BD-9FC7-4B9E-B4A6-96DA0F00248B}.Release|x64.Build.0 = Release|x64
		{15CBFEFF-7965-41F5-B4E2-21E8795C9159}.Debug Static|Win32.ActiveCfg = Debug|Win32
		{15CBFEFF-7965-41F5-B4E2-21E8795C9159}.Debug Static|Win32.Build.0 = Debug|Win32
		{15CBFEFF-7965-41F5-B4E2-21E8795C9159}.Debug Static|x64.ActiveCfg = Debug|x64
		{15CBFEFF-7965-41F5-B4E2-21E8795C9159}.Debug Static|x64.Build.0 = Debug|x64
		{15CBFEFF-7965-41F5-B4E2-21E8795C9159}.Debug|Win32.ActiveCfg = Debug|Win32
		{15CBFEFF-7965-41F5-B4E2-21E8795C9159}.Debug|Win32.Build.0 = Debug|Win32
		{15CBFEFF-7965-41F5-B4E2-21E8795C9159}.Debug|x64.ActiveCfg = Debug|x64
		{15CBFEFF-7965-41F5-B4E2-21E8795C9159}.Debug|x64.Build.0 = Debug|x64
		{15CBFEFF-7965-41F5-B4E2-21E8795C9159}.DLL Debug|Win32.ActiveCfg = Debug|Win32
		{15CBFEFF-7965-41F5-B4E2-21E8795C9159}.DLL Debug|Win32.Build.0 = Debug|Win32
		{15CBFEFF-7965-41F5-B4E2-21E8795C9159}.DLL Debug|x64.ActiveCfg = Debug|x64
		{15CBFEFF-7965-41F5-B4E2-21E8795C9159}.DLL Debug|x64.Build.0 = Debug|x64
		{15CBFEFF-7965-41F5-B4E2-21E8795C9159}.DLL Release|Win32.ActiveCfg = Release|Win32
		{15CBFEFF-7965-41F5-B4E2-21E8795C9159}.DLL Release|Win32.Build.0 = Release|Win32
		{15CBFEFF-7965-41F5-B4E2-21E8795C9159}.DLL Release|x64.ActiveCfg = Release|x64
		{15CBFEFF-7965-41F5-B4E2-21E8795C9159}.DLL Release|x64.Build.0 = Release|x64
		{15CBFEFF-7965-41F5-B4E2-21E8795C9159}.DLL VB|Win32.ActiveCfg = Debug|Win32
		{15CBFEFF-7965-41F5-B4E2-21E8795C9159}.DLL VB|Win32.Build.0 = Debug|Win32
		{15CBFEFF-7965-41F5-B4E2-21E8795C9159}.DLL VB|x64.ActiveCfg = Debug|x64
		{15CBFEFF-7965-41F5-B4E2-21E8795C9159}.DLL VB|x64.Build.0 = Debug|x64
		{15CBFEFF-7965-41F5-B4E2-21E8795C9159}.LIB Debug|Win32.ActiveCfg = Debug|Win32
		{15CBFEFF-7965-41F5-B4E2-21E8795C9159}.LIB Debug|Win32.Build.0 = Debug|Win32
		{15CBFEFF-7965-41F5-B4E2-21E8795C9159}.LIB Debug|x64.ActiveCfg = Debug|x64
		{15CBFEFF-7965-41F5-B4E2-21E8795C9159}.LIB Debug|x64.Build.0 = Debug|x64
		{15CBFEFF-7965-41F5-B4E2-21E8795C9159}.LIB Release|Win32.ActiveCfg = Release|Win32
		{15CBFEFF-7965-41F5-B4E2-21E8795C9159}.LIB Release|Win32.Build.0 = Release|Win32
		{15CBFEFF-7965-41F5-B4E2-21E8795C9159}.LIB Release|x64.ActiveCfg = Release|x64
		{15CBFEFF-7965-41F5-B4E2-21E8795C9159}.LIB Release|x64.Build.0 = Release|x64
		{15CBFEFF-7965-41F5-B4E2-21E8795C9159}.Release Static|Win32.ActiveCfg = Release|Win32
		{15CBFEFF-7965-41F5-B4E2-21E8795C9159}.Release Static|Win32.Build.0 = Release|Win32
		{15CBFEFF-7965-41F5-B4E2-21E8795C9159}.Release Static|x64.ActiveCfg = Release|x64
		{15CBFEFF-7965-41F5-B4E2-21E8795C9159}.Release Static|x64.Build.0 = Release|x64
		{15CBFEFF-7965-41F5-B4E2-21E8795C9159}.Release|Win32.ActiveCfg = Release|Win32
		{15CBFEFF-7965-41F5-B4E2-21E8795C9159}.Release|Win32.Build.0 = Release|Win32
		{15CBFEFF-7965-41F5-B4E2-21E8795C9159}.Release|x64.ActiveCfg = Release|x64
		{15CBFEFF-7965-41F5-B4E2-21E8795C9159}.Release|x64.Build.0 = Release|x64
		{3A214E06-B95E-4D61-A291-1F8DF2EC10FD}.Debug Static|Win32.ActiveCfg = Debug|Win32
		{3A214E06-B95E-4D61-A291-1F8DF2EC10FD}.Debug Static|Win32.Build.0 = Debug|Win32
		{3A214E06-B95E-4D61-A291-1F8DF2EC10FD}.Debug Static|x64.ActiveCfg = Debug|x64
		{3A214E06-B95E-4D61-A291-1F8DF2EC10FD}.Debug Static|x64.Build.0 = Debug|x64
		{3A214E06-B95E-4D61-A291-1F8DF2EC10FD}.Debug|Win32.ActiveCfg = Debug|Win32
		{3A214E06-B95E-4D61-A291-1F8DF2EC10FD}.Debug|Win32.Build.0 = Debug|Win32
		{3A214E06-B95E-4D61-A291-1F8DF2EC10FD}.Debug|x64.ActiveCfg = Debug|x64
		{3A214E06-B95E-4D61-A291-1F8DF2EC10FD}.Debug|x64.Build.0 = Debug|x64
		{3A214E06-B95E-4D61-A291-1F8DF2EC10FD}.DLL Debug|Win32.ActiveCfg = Debug|Win32
		{3A214E06-B95E-4D61-A291-1F8DF2EC10FD}.DLL Debug|Win32.Build.0 = Debug|Win32
		{3A214E06-B95E-4D61-A291-1F8DF2EC10FD}.DLL Debug|x64.ActiveCfg = Debug|x64
		{3A214E06-B95E-4D61-A291-1F8DF2EC10FD}.DLL Debug|x64.Build.0 = Debug|x64
		{3A214E06-B95E-4D61-A291-1F8DF2EC10FD}.DLL Release|Win32.ActiveCfg = Release|Win32
		{3A214E06-B95E-4D61-A291-1F8DF2EC10FD}.DLL Release|Win32.Build.0 = Release|Win32
		{3A214E06-B95E-4D61-A291-1F8DF2EC10FD}.DLL Release|x64.ActiveCfg = Release|x64
		{3A214E06-B95E-4D61-A291-1F8DF2EC10FD}.DLL Release|x64.Build.0 = Release|x64
		{3A214E06-B95E-4D61-A291-1F8DF2EC10FD}.DLL VB|Win32.ActiveCfg = Debug|Win32
		{3A214E06-B95E-4D61-A291-1F8DF2EC10FD}.DLL VB|Win32.Build.0 = Debug|Win32
		{3A214E06-B95E-4D61-A291-1F8DF2EC10FD}.DLL VB|x64.ActiveCfg = Debug|x64
		{3A214E06-B95E-4D61-A291-1F8DF2EC10FD}.DLL VB|x64.Build.0 = Debug|x64
		{3A214E06-B95E-4D61-A291-1F8DF2EC10FD}.LIB Debug|Win32.ActiveCfg = Debug|Win32
		{3A214E06-B95E-4D61-A291-1F8DF2EC10FD}.LIB Debug|Win32.Build.0 = Debug|Win32
		{3A214E06-B95E-4D61-A291-1F8DF2EC10FD}.LIB Debug|x64.ActiveCfg = Debug|x64
		{3A214E06-B95E-4D61-A291-1F8DF2EC10FD}.LIB Debug|x64.Build.0 = Debug|x64
		{3A214E06-B95E-4D61-A291-1F8DF2EC10FD}.LIB Release|Win32.ActiveCfg = Release|Win32
		{3A214E06-B95E-4D61-A291-1F8DF2EC10FD}.LIB Release|Win32.Build.0 = Release|Win32
		{3A214E06-B95E-4D61-A291-1F8DF2EC10FD}.LIB Release|x64.ActiveCfg = Release|x64
		{3A214E06-B95E-4D61-A291-1F8DF2EC10FD}.LIB Release|x64.Build.0 = Release|x64
		{3A214E06-B95E-4D61-A291-1F8DF2EC10FD}.Release Static|Win32.ActiveCfg = Release|Win32
		{3A214E06-B95E-4D61-A291-1F8DF2EC10FD}.Release Static|Win32.Build.0 = Release|Win32
		{3A214E06-B95E-4D61-A291-1F8DF2EC10FD}.Release Static|x64.ActiveCfg = Release|x64
		{3A214E06-B95E-4D61-A291-1F8DF2EC10FD}.Release Static|x64.Build.0 = Release|x64
		{3A214E06-B95E-4D61-A291-1F8DF2EC10FD}.Release|Win32.ActiveCfg = Release|Win32
		{3A214E06-B95E-4D61-A291-1F8DF2EC10FD}.Release|Win32.Build.0 = Release|Win32
		{3A214E06-B95E-4D61-A291-1F8DF2EC10FD}.Release|x64.ActiveCfg = Release|x64
		{3A214E06-B95E-4D61-A291-1F8DF2EC10FD}.Release|x64.Build.0 = Release|x64
		{CEBDE98B-A6AA-46E6-BC79-FAAF823DB9EC}.Debug Static|Win32.ActiveCfg = Debug|Win32
		{CEBDE98B-A6AA-46E6-BC79-FAAF823DB9EC}.Debug Static|Win32.Build.0 = Debug|Win32
		{CEBDE98B-A6AA-46E6-BC79-FAAF823DB9EC}.Debug Static|x64.ActiveCfg = Debug|x64
		{CEBDE98B-A6AA-46E6-BC79-FAAF823DB9EC}.Debug Static|x64.Build.0 = Debug|x64
		{CEBDE98B-A6AA-46E6-BC79-FAAF823DB9EC}.Debug|Win32.ActiveCfg = Debug|Win32
		{CEBDE98B-A6AA-46E6-BC79-FAAF823DB9EC}.Debug|Win32.Build.0 = Debug|Win32
		{CEBDE98B-A6AA-46E6-BC79-FAAF823DB9EC}.Debug|x64.ActiveCfg = Debug|x64
		{CEBDE98B-A6AA-46E6-BC79-FAAF823DB9EC}.Debug|x64.Build.0 = Debug|x64
		{CEBDE98B-A6AA-46E6-BC79-FAAF823DB9EC}.DLL Debug|Win32.ActiveCfg = Debug|Win32
		{CEBDE98B-A6AA-46E6-BC79-FAAF823DB9EC}.DLL Debug|Win32.Build.0 = Debug|Win32
		{CEBDE98B-A6AA-46E6-BC79-FAAF823DB9EC}.DLL Debug|x64.ActiveCfg = Debug|x64
		{CEBDE98B-A6AA-46E6-BC79-FAAF823DB9EC}.DLL Debug|x64.Build.0 = Debug|x64
		{CEBDE98B-A6AA-46E6-BC79-FAAF823DB9EC}.DLL Release|Win32.ActiveCfg = Release|Win32
		{CEBDE98B-A6AA-46E6-BC79-FAAF823DB9EC}.DLL Release|Win32.Build.0 = Release|Win32
		{CEBDE98B-A6AA-46E6-BC79-FAAF823DB9EC}.DLL Release|x64.ActiveCfg = Release|x64
		{CEBDE98B-A6AA-46E6-BC79-FAAF823DB9EC}.DLL Release|x64.Build.0 = Release|x64
		{CEBDE98B-A6AA-46E6-BC79-FAAF823DB9EC}.DLL VB|Win32.ActiveCfg = Debug|Win32
		{CEBDE98B-A6AA-46E6-BC79-FAAF823DB9EC}.DLL VB|Win32.Build.0 = Debug|Win32
		{CEBDE98B-A6AA-46E6-BC79-FAAF823DB9EC}.DLL VB|x64.ActiveCfg = Debug|x64
		{CEBDE98B-A6AA-46E6-BC79-FAAF823DB9EC}.DLL VB|x64.Build.0 = Debug|x64
		{CEBDE98B-A6AA-46E6-BC79-FAAF823DB9EC}.LIB Debug|Win32.ActiveCfg = Debug|Win32
		{CEBDE98B-A6AA-46E6-BC79-FAAF823DB9EC}.LIB Debug|Win32.Build.0 = Debug|Win32
		{CEBDE98B-A6AA-46E6-BC79-FAAF823DB9EC}.LIB Debug|x64.ActiveCfg = Debug|x64
		{CEBDE98B-A6AA-46E6-BC79-FAAF823DB9EC}.LIB Debug|x64.Build.0 = Debug|x64
		{CEBDE98B-A6AA-46E6-BC79-FAAF823DB9EC}.LIB Release|Win32.ActiveCfg = Release|Win32
		{CEBDE98B-A6AA-46E6-BC79-FAAF823DB9EC}.LIB Release|Win32.Build.0 = Release|Win32
		{CEBDE98B-A6AA-46E6-BC79-FAAF823DB9EC}.LIB Release|x64.ActiveCfg = Release|x64
		{CEBDE98B-A6AA-46E6-BC79-FAAF823DB9EC}.LIB Release|x64.Build.0 = Release|x64
		{CEBDE98B-A6AA-46E6-BC79-FAAF823DB9EC}.Release Static|Win32.ActiveCfg = Release|Win32
		{CEBDE98B-A6AA-46E6-BC79-FAAF823DB9EC}.Release Static|Win32.Build.0 = Release|Win32
		{CEBDE98B-A6AA-46E6-BC79-FAAF823DB9EC}.Release Static|x64.ActiveCfg = Release|x64
		{CEBDE98B-A6AA-46E6-BC79-FAAF823DB9EC}.Release Static|x64.Build.0 = Release|x64
		{CEBDE98B-A6AA-46E6-BC79-FAAF823DB9EC}.Release|Win32.ActiveCfg = Release|Win32
		{CEBDE98B-A6AA-46E6-BC79-FAAF823DB9EC}.Release|Win32.Build.0 = Release|Win32
		{CEBDE98B-A6AA-46E6-BC79-FAAF823DB9EC}.Release|x64.ActiveCfg = Release|x64
		{CEBDE98B-A6AA-46E6-BC79-FAAF823DB9EC}.Release|x64.Build.0 = Release|x64
	EndGlobalSection
	GlobalSection(SolutionProperties) = preSolution
		HideSolutionNode = FALSE
	EndGlobalSection
	GlobalSection(NestedProjects) = preSolution
		{81CE8DAF-EBB2-4761-8E45-B71ABCCA8C68} = {5FBD1273-9A1D-40F6-923C-12C217537138}
		{DA956FD3-E142-46F2-9DD5-C78BEBB56B7A} = {5FBD1273-9A1D-40F6-923C-12C217537138}
		{2BD5534E-00E2-4BEA-AC96-D9A92EA24696} = {5FBD1273-9A1D-40F6-923C-12C217537138}
		{F7E944B3-0815-40CD-B3E4-90B2A15B0E33} = {5FBD1273-9A1D-40F6-923C-12C217537138}
		{DDDBD07D-DC76-4AF6-8D02-3E2DEB6EE255} = {5FBD1273-9A1D-40F6-923C-12C217537138}
		{F439D94C-234B-4313-B795-8FA87B332EEE} = {5FBD1273-9A1D-40F6-923C-12C217537138}
		{2D4F8105-7D21-454C-9932-B47CAB71A5C0} = {F439D94C-234B-4313-B795-8FA87B332EEE}
		{0008960E-E0DD-41A6-8265-00B31DDB4C21} = {F439D94C-234B-4313-B795-8FA87B332EEE}
		{78B079BD-9FC7-4B9E-B4A6-96DA0F00248B} = {F439D94C-234B-4313-B795-8FA87B332EEE}
		{15CBFEFF-7965-41F5-B4E2-21E8795C9159} = {F439D94C-234B-4313-B795-8FA87B332EEE}
		{3A214E06-B95E-4D61-A291-1F8DF2EC10FD} = {F439D94C-234B-4313-B795-8FA87B332EEE}
		{CEBDE98B-A6AA-46E6-BC79-FAAF823DB9EC} = {F439D94C-234B-4313-B795-8FA87B332EEE}
	EndGlobalSection
	GlobalSection(ExtensibilityGlobals) = postSolution
		SolutionGuid = {FF4A341D-757A-4497-B1D6-1DF23864F28F}
	EndGlobalSection
EndGlobal
